
Microsoft Visual Studio Solution File, Format Version 12.00
# Visual Studio Version 16
VisualStudioVersion = 16.0.30804.86
MinimumVisualStudioVersion = 10.0.40219.1
Project("{8BC9CEB8-8B4A-11D0-8D11-00A0C91BC942}") = "S007", "S007\S007.vcxproj", "{A6767831-3587-4F1D-B8BC-1A1EA8611ACC}"
EndProject
Global
	GlobalSection(SolutionConfigurationPlatforms) = preSolution
		Debug|x64 = Debug|x64
		Debug|x86 = Debug|x86
		Release|x64 = Release|x64
		Release|x86 = Release|x86
	EndGlobalSection
	GlobalSection(ProjectConfigurationPlatforms) = postSolution
		{A6767831-3587-4F1D-B8BC-1A1EA8611ACC}.Debug|x64.ActiveCfg = Debug|x64
		{A6767831-3587-4F1D-B8BC-1A1EA8611ACC}.Debug|x64.Build.0 = Debug|x64
		{A6767831-3587-4F1D-B8BC-1A1EA8611ACC}.Debug|x86.ActiveCfg = Debug|Win32
		{A6767831-3587-4F1D-B8BC-1A1EA8611ACC}.Debug|x86.Build.0 = Debug|Win32
		{A6767831-3587-4F1D-B8BC-1A1EA8611ACC}.Release|x64.ActiveCfg = Release|x64
		{A6767831-3587-4F1D-B8BC-1A1EA8611ACC}.Release|x64.Build.0 = Release|x64
		{A6767831-3587-4F1D-B8BC-1A1EA8611ACC}.Release|x86.ActiveCfg = Release|Win32
		{A6767831-3587-4F1D-B8BC-1A1EA8611ACC}.Release|x86.Build.0 = Release|Win32
	EndGlobalSection
	GlobalSection(SolutionProperties) = preSolution
		HideSolutionNode = FALSE
	EndGlobalSection
	GlobalSection(ExtensibilityGlobals) = postSolution
		SolutionGuid = {53BF68DF-8FA3-41F5-9AA2-1362456D1E51}
	EndGlobalSection
EndGlobal
